
Microsoft Visual Studio Solution File, Format Version 12.00
# Visual Studio Version 17
VisualStudioVersion = 17.5.33627.172
MinimumVisualStudioVersion = 10.0.40219.1
Project("{9A19103F-16F7-4668-BE54-9A1E7A4F7556}") = "BaruchsTreks", "BaruchsTreks\BaruchsTreks.csproj", "{8AD58EDA-47C5-40CA-855C-EAA4158633C6}"
EndProject
Project("{2150E333-8FDC-42A3-9474-1A3956D46DE8}") = "Solution Items", "Solution Items", "{520AA7A9-F23B-4DF3-9573-BF78698142C5}"
	ProjectSection(SolutionItems) = preProject
		README.md = README.md
	EndProjectSection
EndProject
Global
	GlobalSection(SolutionConfigurationPlatforms) = preSolution
		Debug|Any CPU = Debug|Any CPU
		Release|Any CPU = Release|Any CPU
	EndGlobalSection
	GlobalSection(ProjectConfigurationPlatforms) = postSolution
		{8AD58EDA-47C5-40CA-855C-EAA4158633C6}.Debug|Any CPU.ActiveCfg = Debug|Any CPU
		{8AD58EDA-47C5-40CA-855C-EAA4158633C6}.Debug|Any CPU.Build.0 = Debug|Any CPU
		{8AD58EDA-47C5-40CA-855C-EAA4158633C6}.Release|Any CPU.ActiveCfg = Release|Any CPU
		{8AD58EDA-47C5-40CA-855C-EAA4158633C6}.Release|Any CPU.Build.0 = Release|Any CPU
	EndGlobalSection
	GlobalSection(SolutionProperties) = preSolution
		HideSolutionNode = FALSE
	EndGlobalSection
	GlobalSection(ExtensibilityGlobals) = postSolution
		SolutionGuid = {D84AC81D-EB38-49FA-922D-3FBF2D7623B1}
	EndGlobalSection
EndGlobal
